
Microsoft Visual Studio Solution File, Format Version 12.00
# Visual Studio Version 17
VisualStudioVersion = 17.11.34929.205
MinimumVisualStudioVersion = 10.0.40219.1
Project("{9A19103F-16F7-4668-BE54-9A1E7A4F7556}") = "KSTDotNetCore.ConsoleApp", "KSTDotNetCore.ConsoleApp\KSTDotNetCore.ConsoleApp.csproj", "{0CB95DD9-3294-4702-A845-8B317563A1A1}"
EndProject
Project("{2150E333-8FDC-42A3-9474-1A3956D46DE8}") = "Document", "Document", "{6C0CE3ED-6375-4B3F-BFA5-9E5F2ADD0098}"
	ProjectSection(SolutionItems) = preProject
		KSTDotNet.sql = KSTDotNet.sql
		README.md = README.md
	EndProjectSection
EndProject
Project("{9A19103F-16F7-4668-BE54-9A1E7A4F7556}") = "KSTDotNetCore.RestApi", "KSTDotNetCore.RestApi\KSTDotNetCore.RestApi.csproj", "{A05842DA-320A-4B84-9980-FABD8C0D5C02}"
EndProject
Project("{9A19103F-16F7-4668-BE54-9A1E7A4F7556}") = "KSTDotNetCoreShare", "KSTDotNetCoreShare\KSTDotNetCoreShare.csproj", "{F53A6E9C-3C4B-4C85-840A-C349C5A800D3}"
EndProject
Project("{9A19103F-16F7-4668-BE54-9A1E7A4F7556}") = "KSTDotNetCore.RestApiWithNLayer", "KSTDotNetCore.RestApiWithNLayer\KSTDotNetCore.RestApiWithNLayer.csproj", "{AACD53AD-4AE7-4D38-9802-2B3D6747B27A}"
EndProject
Project("{9A19103F-16F7-4668-BE54-9A1E7A4F7556}") = "KSTDotNetCore.MinimalApp", "KSTDotNetCore.MinimalApp\KSTDotNetCore.MinimalApp.csproj", "{278D1E34-CB88-4E60-B962-F2DB659D539B}"
EndProject
Project("{FAE04EC0-301F-11D3-BF4B-00C04F79EFBC}") = "KSTDotNetCore.EFCoreAuto", "KSTDotNetCore.EFCoreAuto\KSTDotNetCore.EFCoreAuto.csproj", "{DA061721-589F-461D-A923-B5C33F71614D}"
EndProject
Project("{FAE04EC0-301F-11D3-BF4B-00C04F79EFBC}") = "KSTDotNetCore.BlazorWasmAppV2", "KSTDotNetCore.BlazorWasmAppV2\KSTDotNetCore.BlazorWasmAppV2.csproj", "{D0C2081F-443A-4A5B-AC4D-09E284754AE4}"
EndProject
Project("{FAE04EC0-301F-11D3-BF4B-00C04F79EFBC}") = "KSTDotNetCore.BlazorWasmAppV3", "KSTDotNetCore.BlazorWasmAppV3\KSTDotNetCore.BlazorWasmAppV3.csproj", "{C18D0562-9750-4EFB-8DFD-B7A4E5EC4368}"
EndProject
Global
	GlobalSection(SolutionConfigurationPlatforms) = preSolution
		Debug|Any CPU = Debug|Any CPU
		Release|Any CPU = Release|Any CPU
	EndGlobalSection
	GlobalSection(ProjectConfigurationPlatforms) = postSolution
		{0CB95DD9-3294-4702-A845-8B317563A1A1}.Debug|Any CPU.ActiveCfg = Debug|Any CPU
		{0CB95DD9-3294-4702-A845-8B317563A1A1}.Debug|Any CPU.Build.0 = Debug|Any CPU
		{0CB95DD9-3294-4702-A845-8B317563A1A1}.Release|Any CPU.ActiveCfg = Release|Any CPU
		{0CB95DD9-3294-4702-A845-8B317563A1A1}.Release|Any CPU.Build.0 = Release|Any CPU
		{A05842DA-320A-4B84-9980-FABD8C0D5C02}.Debug|Any CPU.ActiveCfg = Debug|Any CPU
		{A05842DA-320A-4B84-9980-FABD8C0D5C02}.Debug|Any CPU.Build.0 = Debug|Any CPU
		{A05842DA-320A-4B84-9980-FABD8C0D5C02}.Release|Any CPU.ActiveCfg = Release|Any CPU
		{A05842DA-320A-4B84-9980-FABD8C0D5C02}.Release|Any CPU.Build.0 = Release|Any CPU
		{F53A6E9C-3C4B-4C85-840A-C349C5A800D3}.Debug|Any CPU.ActiveCfg = Debug|Any CPU
		{F53A6E9C-3C4B-4C85-840A-C349C5A800D3}.Debug|Any CPU.Build.0 = Debug|Any CPU
		{F53A6E9C-3C4B-4C85-840A-C349C5A800D3}.Release|Any CPU.ActiveCfg = Release|Any CPU
		{F53A6E9C-3C4B-4C85-840A-C349C5A800D3}.Release|Any CPU.Build.0 = Release|Any CPU
		{AACD53AD-4AE7-4D38-9802-2B3D6747B27A}.Debug|Any CPU.ActiveCfg = Debug|Any CPU
		{AACD53AD-4AE7-4D38-9802-2B3D6747B27A}.Debug|Any CPU.Build.0 = Debug|Any CPU
		{AACD53AD-4AE7-4D38-9802-2B3D6747B27A}.Release|Any CPU.ActiveCfg = Release|Any CPU
		{AACD53AD-4AE7-4D38-9802-2B3D6747B27A}.Release|Any CPU.Build.0 = Release|Any CPU
		{278D1E34-CB88-4E60-B962-F2DB659D539B}.Debug|Any CPU.ActiveCfg = Debug|Any CPU
		{278D1E34-CB88-4E60-B962-F2DB659D539B}.Debug|Any CPU.Build.0 = Debug|Any CPU
		{278D1E34-CB88-4E60-B962-F2DB659D539B}.Release|Any CPU.ActiveCfg = Release|Any CPU
		{278D1E34-CB88-4E60-B962-F2DB659D539B}.Release|Any CPU.Build.0 = Release|Any CPU
		{DA061721-589F-461D-A923-B5C33F71614D}.Debug|Any CPU.ActiveCfg = Debug|Any CPU
		{DA061721-589F-461D-A923-B5C33F71614D}.Debug|Any CPU.Build.0 = Debug|Any CPU
		{DA061721-589F-461D-A923-B5C33F71614D}.Release|Any CPU.ActiveCfg = Release|Any CPU
		{DA061721-589F-461D-A923-B5C33F71614D}.Release|Any CPU.Build.0 = Release|Any CPU
		{D0C2081F-443A-4A5B-AC4D-09E284754AE4}.Debug|Any CPU.ActiveCfg = Debug|Any CPU
		{D0C2081F-443A-4A5B-AC4D-09E284754AE4}.Debug|Any CPU.Build.0 = Debug|Any CPU
		{D0C2081F-443A-4A5B-AC4D-09E284754AE4}.Release|Any CPU.ActiveCfg = Release|Any CPU
		{D0C2081F-443A-4A5B-AC4D-09E284754AE4}.Release|Any CPU.Build.0 = Release|Any CPU
		{C18D0562-9750-4EFB-8DFD-B7A4E5EC4368}.Debug|Any CPU.ActiveCfg = Debug|Any CPU
		{C18D0562-9750-4EFB-8DFD-B7A4E5EC4368}.Debug|Any CPU.Build.0 = Debug|Any CPU
		{C18D0562-9750-4EFB-8DFD-B7A4E5EC4368}.Release|Any CPU.ActiveCfg = Release|Any CPU
		{C18D0562-9750-4EFB-8DFD-B7A4E5EC4368}.Release|Any CPU.Build.0 = Release|Any CPU
	EndGlobalSection
	GlobalSection(SolutionProperties) = preSolution
		HideSolutionNode = FALSE
	EndGlobalSection
	GlobalSection(ExtensibilityGlobals) = postSolution
		SolutionGuid = {57310ED6-B7C4-406E-94DB-9D0F13DC3E67}
	EndGlobalSection
EndGlobal
